// !$*UTF8*$!
{
	archiveVersion = 1;
	classes = {
	};
	objectVersion = 46;
	objects = {

/* Begin PBXBuildFile section */
		9B19E9D51BAC0D7E0025831D /* main.m in Sources */ = {isa = PBXBuildFile; fileRef = 9B19E9D41BAC0D7E0025831D /* main.m */; };
		9B19E9D81BAC0D7E0025831D /* AppDelegate.m in Sources */ = {isa = PBXBuildFile; fileRef = 9B19E9D71BAC0D7E0025831D /* AppDelegate.m */; };
		9B19E9E01BAC0D7E0025831D /* Images.xcassets in Resources */ = {isa = PBXBuildFile; fileRef = 9B19E9DF1BAC0D7E0025831D /* Images.xcassets */; };
		9B19E9E31BAC0D7E0025831D /* LaunchScreen.xib in Resources */ = {isa = PBXBuildFile; fileRef = 9B19E9E11BAC0D7E0025831D /* LaunchScreen.xib */; };
		9B19E9EF1BAC0D7E0025831D /* TwitterTests.m in Sources */ = {isa = PBXBuildFile; fileRef = 9B19E9EE1BAC0D7E0025831D /* TwitterTests.m */; };
		9B19E9FA1BAC57460025831D /* Base64Transcoder.c in Sources */ = {isa = PBXBuildFile; fileRef = 9B19E9F91BAC57460025831D /* Base64Transcoder.c */; };
		9B19EA071BAD8BFA0025831D /* LoginViewController.m in Sources */ = {isa = PBXBuildFile; fileRef = 9B19EA051BAD8BFA0025831D /* LoginViewController.m */; };
		9B19EA081BAD8BFA0025831D /* LoginViewController.xib in Resources */ = {isa = PBXBuildFile; fileRef = 9B19EA061BAD8BFA0025831D /* LoginViewController.xib */; };
		9B19EA0F1BAD96790025831D /* User.m in Sources */ = {isa = PBXBuildFile; fileRef = 9B19EA0E1BAD96790025831D /* User.m */; };
		9B19EA121BAD968B0025831D /* Tweet.m in Sources */ = {isa = PBXBuildFile; fileRef = 9B19EA111BAD968B0025831D /* Tweet.m */; };
		9B19EA191BAD99250025831D /* TweetTableViewController.m in Sources */ = {isa = PBXBuildFile; fileRef = 9B19EA171BAD99250025831D /* TweetTableViewController.m */; };
		9B19EA1A1BAD99250025831D /* TweetTableViewController.xib in Resources */ = {isa = PBXBuildFile; fileRef = 9B19EA181BAD99250025831D /* TweetTableViewController.xib */; };
		9B19EA1C1BADAEE20025831D /* TwitterClient.m in Sources */ = {isa = PBXBuildFile; fileRef = 9B19EA1B1BADAEE20025831D /* TwitterClient.m */; };
		9B19EA201BB3AD8C0025831D /* TweetCell.m in Sources */ = {isa = PBXBuildFile; fileRef = 9B19EA1E1BB3AD8C0025831D /* TweetCell.m */; };
		9B19EA211BB3AD8C0025831D /* TweetCell.xib in Resources */ = {isa = PBXBuildFile; fileRef = 9B19EA1F1BB3AD8C0025831D /* TweetCell.xib */; };
		9B19EA251BB40BFD0025831D /* TweetViewController.m in Sources */ = {isa = PBXBuildFile; fileRef = 9B19EA231BB40BFD0025831D /* TweetViewController.m */; };
		9B19EA261BB40BFD0025831D /* TweetViewController.xib in Resources */ = {isa = PBXBuildFile; fileRef = 9B19EA241BB40BFD0025831D /* TweetViewController.xib */; };
		9B19EA2A1BB425510025831D /* ComposeViewController.m in Sources */ = {isa = PBXBuildFile; fileRef = 9B19EA281BB425510025831D /* ComposeViewController.m */; };
		9B19EA2B1BB425510025831D /* ComposeViewController.xib in Resources */ = {isa = PBXBuildFile; fileRef = 9B19EA291BB425510025831D /* ComposeViewController.xib */; };
		9B6154A51BCCED9500B77319 /* MenuViewController.m in Sources */ = {isa = PBXBuildFile; fileRef = 9B6154A31BCCED9500B77319 /* MenuViewController.m */; };
		9B6154A61BCCED9500B77319 /* MenuViewController.xib in Resources */ = {isa = PBXBuildFile; fileRef = 9B6154A41BCCED9500B77319 /* MenuViewController.xib */; };
/* End PBXBuildFile section */

/* Begin PBXContainerItemProxy section */
		9B19E9E91BAC0D7E0025831D /* PBXContainerItemProxy */ = {
			isa = PBXContainerItemProxy;
			containerPortal = 9B19E9C71BAC0D7E0025831D /* Project object */;
			proxyType = 1;
			remoteGlobalIDString = 9B19E9CE1BAC0D7E0025831D;
			remoteInfo = Twitter;
		};
/* End PBXContainerItemProxy section */

/* Begin PBXFileReference section */
		9B19E9CF1BAC0D7E0025831D /* Twitter.app */ = {isa = PBXFileReference; explicitFileType = wrapper.application; includeInIndex = 0; path = Twitter.app; sourceTree = BUILT_PRODUCTS_DIR; };
		9B19E9D31BAC0D7E0025831D /* Info.plist */ = {isa = PBXFileReference; lastKnownFileType = text.plist.xml; path = Info.plist; sourceTree = "<group>"; };
		9B19E9D41BAC0D7E0025831D /* main.m */ = {isa = PBXFileReference; lastKnownFileType = sourcecode.c.objc; path = main.m; sourceTree = "<group>"; };
		9B19E9D61BAC0D7E0025831D /* AppDelegate.h */ = {isa = PBXFileReference; lastKnownFileType = sourcecode.c.h; path = AppDelegate.h; sourceTree = "<group>"; };
		9B19E9D71BAC0D7E0025831D /* AppDelegate.m */ = {isa = PBXFileReference; lastKnownFileType = sourcecode.c.objc; path = AppDelegate.m; sourceTree = "<group>"; };
		9B19E9DF1BAC0D7E0025831D /* Images.xcassets */ = {isa = PBXFileReference; lastKnownFileType = folder.assetcatalog; path = Images.xcassets; sourceTree = "<group>"; };
		9B19E9E21BAC0D7E0025831D /* Base */ = {isa = PBXFileReference; lastKnownFileType = file.xib; name = Base; path = Base.lproj/LaunchScreen.xib; sourceTree = "<group>"; };
		9B19E9E81BAC0D7E0025831D /* TwitterTests.xctest */ = {isa = PBXFileReference; explicitFileType = wrapper.cfbundle; includeInIndex = 0; path = TwitterTests.xctest; sourceTree = BUILT_PRODUCTS_DIR; };
		9B19E9ED1BAC0D7E0025831D /* Info.plist */ = {isa = PBXFileReference; lastKnownFileType = text.plist.xml; path = Info.plist; sourceTree = "<group>"; };
		9B19E9EE1BAC0D7E0025831D /* TwitterTests.m */ = {isa = PBXFileReference; lastKnownFileType = sourcecode.c.objc; path = TwitterTests.m; sourceTree = "<group>"; };
		9B19E9F81BAC56E00025831D /* Base64Transcoder.h */ = {isa = PBXFileReference; lastKnownFileType = sourcecode.c.h; path = Base64Transcoder.h; sourceTree = "<group>"; };
		9B19E9F91BAC57460025831D /* Base64Transcoder.c */ = {isa = PBXFileReference; fileEncoding = 4; lastKnownFileType = sourcecode.c.c; path = Base64Transcoder.c; sourceTree = "<group>"; };
		9B19EA041BAD8BFA0025831D /* LoginViewController.h */ = {isa = PBXFileReference; fileEncoding = 4; lastKnownFileType = sourcecode.c.h; path = LoginViewController.h; sourceTree = "<group>"; };
		9B19EA051BAD8BFA0025831D /* LoginViewController.m */ = {isa = PBXFileReference; fileEncoding = 4; lastKnownFileType = sourcecode.c.objc; path = LoginViewController.m; sourceTree = "<group>"; };
		9B19EA061BAD8BFA0025831D /* LoginViewController.xib */ = {isa = PBXFileReference; fileEncoding = 4; lastKnownFileType = file.xib; path = LoginViewController.xib; sourceTree = "<group>"; };
		9B19EA091BAD8DF50025831D /* TwitterClient.h */ = {isa = PBXFileReference; fileEncoding = 4; lastKnownFileType = sourcecode.c.h; path = TwitterClient.h; sourceTree = "<group>"; };
		9B19EA0D1BAD96790025831D /* User.h */ = {isa = PBXFileReference; fileEncoding = 4; lastKnownFileType = sourcecode.c.h; path = User.h; sourceTree = "<group>"; };
		9B19EA0E1BAD96790025831D /* User.m */ = {isa = PBXFileReference; fileEncoding = 4; lastKnownFileType = sourcecode.c.objc; path = User.m; sourceTree = "<group>"; };
		9B19EA101BAD968B0025831D /* Tweet.h */ = {isa = PBXFileReference; fileEncoding = 4; lastKnownFileType = sourcecode.c.h; path = Tweet.h; sourceTree = "<group>"; };
		9B19EA111BAD968B0025831D /* Tweet.m */ = {isa = PBXFileReference; fileEncoding = 4; lastKnownFileType = sourcecode.c.objc; path = Tweet.m; sourceTree = "<group>"; };
		9B19EA161BAD99250025831D /* TweetTableViewController.h */ = {isa = PBXFileReference; fileEncoding = 4; lastKnownFileType = sourcecode.c.h; path = TweetTableViewController.h; sourceTree = "<group>"; };
		9B19EA171BAD99250025831D /* TweetTableViewController.m */ = {isa = PBXFileReference; fileEncoding = 4; lastKnownFileType = sourcecode.c.objc; path = TweetTableViewController.m; sourceTree = "<group>"; };
		9B19EA181BAD99250025831D /* TweetTableViewController.xib */ = {isa = PBXFileReference; fileEncoding = 4; lastKnownFileType = file.xib; path = TweetTableViewController.xib; sourceTree = "<group>"; };
		9B19EA1B1BADAEE20025831D /* TwitterClient.m */ = {isa = PBXFileReference; fileEncoding = 4; lastKnownFileType = sourcecode.c.objc; path = TwitterClient.m; sourceTree = "<group>"; };
		9B19EA1D1BB3AD8C0025831D /* TweetCell.h */ = {isa = PBXFileReference; fileEncoding = 4; lastKnownFileType = sourcecode.c.h; path = TweetCell.h; sourceTree = "<group>"; };
		9B19EA1E1BB3AD8C0025831D /* TweetCell.m */ = {isa = PBXFileReference; fileEncoding = 4; lastKnownFileType = sourcecode.c.objc; path = TweetCell.m; sourceTree = "<group>"; };
		9B19EA1F1BB3AD8C0025831D /* TweetCell.xib */ = {isa = PBXFileReference; fileEncoding = 4; lastKnownFileType = file.xib; path = TweetCell.xib; sourceTree = "<group>"; };
		9B19EA221BB40BFD0025831D /* TweetViewController.h */ = {isa = PBXFileReference; fileEncoding = 4; lastKnownFileType = sourcecode.c.h; path = TweetViewController.h; sourceTree = "<group>"; };
		9B19EA231BB40BFD0025831D /* TweetViewController.m */ = {isa = PBXFileReference; fileEncoding = 4; lastKnownFileType = sourcecode.c.objc; path = TweetViewController.m; sourceTree = "<group>"; };
		9B19EA241BB40BFD0025831D /* TweetViewController.xib */ = {isa = PBXFileReference; fileEncoding = 4; lastKnownFileType = file.xib; path = TweetViewController.xib; sourceTree = "<group>"; };
		9B19EA271BB425510025831D /* ComposeViewController.h */ = {isa = PBXFileReference; fileEncoding = 4; lastKnownFileType = sourcecode.c.h; path = ComposeViewController.h; sourceTree = "<group>"; };
		9B19EA281BB425510025831D /* ComposeViewController.m */ = {isa = PBXFileReference; fileEncoding = 4; lastKnownFileType = sourcecode.c.objc; path = ComposeViewController.m; sourceTree = "<group>"; };
		9B19EA291BB425510025831D /* ComposeViewController.xib */ = {isa = PBXFileReference; fileEncoding = 4; lastKnownFileType = file.xib; path = ComposeViewController.xib; sourceTree = "<group>"; };
		9B6154A21BCCED9500B77319 /* MenuViewController.h */ = {isa = PBXFileReference; fileEncoding = 4; lastKnownFileType = sourcecode.c.h; path = MenuViewController.h; sourceTree = "<group>"; };
		9B6154A31BCCED9500B77319 /* MenuViewController.m */ = {isa = PBXFileReference; fileEncoding = 4; lastKnownFileType = sourcecode.c.objc; path = MenuViewController.m; sourceTree = "<group>"; };
		9B6154A41BCCED9500B77319 /* MenuViewController.xib */ = {isa = PBXFileReference; fileEncoding = 4; lastKnownFileType = file.xib; path = MenuViewController.xib; sourceTree = "<group>"; };
/* End PBXFileReference section */

/* Begin PBXFrameworksBuildPhase section */
		9B19E9CC1BAC0D7E0025831D /* Frameworks */ = {
			isa = PBXFrameworksBuildPhase;
			buildActionMask = 2147483647;
			files = (
			);
			runOnlyForDeploymentPostprocessing = 0;
		};
		9B19E9E51BAC0D7E0025831D /* Frameworks */ = {
			isa = PBXFrameworksBuildPhase;
			buildActionMask = 2147483647;
			files = (
			);
			runOnlyForDeploymentPostprocessing = 0;
		};
/* End PBXFrameworksBuildPhase section */

/* Begin PBXGroup section */
		9B19E9C61BAC0D7E0025831D = {
			isa = PBXGroup;
			children = (
				9B19E9D11BAC0D7E0025831D /* Twitter */,
				9B19E9EB1BAC0D7E0025831D /* TwitterTests */,
				9B19E9D01BAC0D7E0025831D /* Products */,
			);
			sourceTree = "<group>";
		};
		9B19E9D01BAC0D7E0025831D /* Products */ = {
			isa = PBXGroup;
			children = (
				9B19E9CF1BAC0D7E0025831D /* Twitter.app */,
				9B19E9E81BAC0D7E0025831D /* TwitterTests.xctest */,
			);
			name = Products;
			sourceTree = "<group>";
		};
		9B19E9D11BAC0D7E0025831D /* Twitter */ = {
			isa = PBXGroup;
			children = (
				9B19EA0C1BAD8F630025831D /* Library */,
				9B19E9D61BAC0D7E0025831D /* AppDelegate.h */,
				9B19E9D71BAC0D7E0025831D /* AppDelegate.m */,
				9B19E9DF1BAC0D7E0025831D /* Images.xcassets */,
				9B19E9E11BAC0D7E0025831D /* LaunchScreen.xib */,
				9B19E9D21BAC0D7E0025831D /* Supporting Files */,
				9B19EA041BAD8BFA0025831D /* LoginViewController.h */,
				9B19EA051BAD8BFA0025831D /* LoginViewController.m */,
				9B19EA061BAD8BFA0025831D /* LoginViewController.xib */,
				9B19EA161BAD99250025831D /* TweetTableViewController.h */,
				9B19EA171BAD99250025831D /* TweetTableViewController.m */,
				9B19EA181BAD99250025831D /* TweetTableViewController.xib */,
				9B19EA1D1BB3AD8C0025831D /* TweetCell.h */,
				9B19EA1E1BB3AD8C0025831D /* TweetCell.m */,
				9B19EA1F1BB3AD8C0025831D /* TweetCell.xib */,
				9B19EA221BB40BFD0025831D /* TweetViewController.h */,
				9B19EA231BB40BFD0025831D /* TweetViewController.m */,
				9B19EA241BB40BFD0025831D /* TweetViewController.xib */,
				9B19EA271BB425510025831D /* ComposeViewController.h */,
				9B19EA281BB425510025831D /* ComposeViewController.m */,
				9B19EA291BB425510025831D /* ComposeViewController.xib */,
				9B6154A21BCCED9500B77319 /* MenuViewController.h */,
				9B6154A31BCCED9500B77319 /* MenuViewController.m */,
				9B6154A41BCCED9500B77319 /* MenuViewController.xib */,
			);
			path = Twitter;
			sourceTree = "<group>";
		};
		9B19E9D21BAC0D7E0025831D /* Supporting Files */ = {
			isa = PBXGroup;
			children = (
				9B19E9D31BAC0D7E0025831D /* Info.plist */,
				9B19E9D41BAC0D7E0025831D /* main.m */,
			);
			name = "Supporting Files";
			sourceTree = "<group>";
		};
		9B19E9EB1BAC0D7E0025831D /* TwitterTests */ = {
			isa = PBXGroup;
			children = (
				9B19E9EE1BAC0D7E0025831D /* TwitterTests.m */,
				9B19E9EC1BAC0D7E0025831D /* Supporting Files */,
			);
			path = TwitterTests;
			sourceTree = "<group>";
		};
		9B19E9EC1BAC0D7E0025831D /* Supporting Files */ = {
			isa = PBXGroup;
			children = (
				9B19E9ED1BAC0D7E0025831D /* Info.plist */,
			);
			name = "Supporting Files";
			sourceTree = "<group>";
		};
		9B19EA0C1BAD8F630025831D /* Library */ = {
			isa = PBXGroup;
			children = (
				9B19E9F81BAC56E00025831D /* Base64Transcoder.h */,
				9B19E9F91BAC57460025831D /* Base64Transcoder.c */,
				9B19EA091BAD8DF50025831D /* TwitterClient.h */,
				9B19EA1B1BADAEE20025831D /* TwitterClient.m */,
				9B19EA0D1BAD96790025831D /* User.h */,
				9B19EA0E1BAD96790025831D /* User.m */,
				9B19EA101BAD968B0025831D /* Tweet.h */,
				9B19EA111BAD968B0025831D /* Tweet.m */,
			);
			name = Library;
			sourceTree = "<group>";
		};
/* End PBXGroup section */

/* Begin PBXNativeTarget section */
		9B19E9CE1BAC0D7E0025831D /* Twitter */ = {
			isa = PBXNativeTarget;
			buildConfigurationList = 9B19E9F21BAC0D7E0025831D /* Build configuration list for PBXNativeTarget "Twitter" */;
			buildPhases = (
				9B19E9CB1BAC0D7E0025831D /* Sources */,
				9B19E9CC1BAC0D7E0025831D /* Frameworks */,
				9B19E9CD1BAC0D7E0025831D /* Resources */,
			);
			buildRules = (
			);
			dependencies = (
			);
			name = Twitter;
			productName = Twitter;
			productReference = 9B19E9CF1BAC0D7E0025831D /* Twitter.app */;
			productType = "com.apple.product-type.application";
		};
		9B19E9E71BAC0D7E0025831D /* TwitterTests */ = {
			isa = PBXNativeTarget;
			buildConfigurationList = 9B19E9F51BAC0D7E0025831D /* Build configuration list for PBXNativeTarget "TwitterTests" */;
			buildPhases = (
				9B19E9E41BAC0D7E0025831D /* Sources */,
				9B19E9E51BAC0D7E0025831D /* Frameworks */,
				9B19E9E61BAC0D7E0025831D /* Resources */,
			);
			buildRules = (
			);
			dependencies = (
				9B19E9EA1BAC0D7E0025831D /* PBXTargetDependency */,
			);
			name = TwitterTests;
			productName = TwitterTests;
			productReference = 9B19E9E81BAC0D7E0025831D /* TwitterTests.xctest */;
			productType = "com.apple.product-type.bundle.unit-test";
		};
/* End PBXNativeTarget section */

/* Begin PBXProject section */
		9B19E9C71BAC0D7E0025831D /* Project object */ = {
			isa = PBXProject;
			attributes = {
				LastUpgradeCheck = 0630;
				ORGANIZATIONNAME = "Li-Erh Chang";
				TargetAttributes = {
					9B19E9CE1BAC0D7E0025831D = {
						CreatedOnToolsVersion = 6.3.2;
					};
					9B19E9E71BAC0D7E0025831D = {
						CreatedOnToolsVersion = 6.3.2;
						TestTargetID = 9B19E9CE1BAC0D7E0025831D;
					};
				};
			};
			buildConfigurationList = 9B19E9CA1BAC0D7E0025831D /* Build configuration list for PBXProject "Twitter" */;
			compatibilityVersion = "Xcode 3.2";
			developmentRegion = English;
			hasScannedForEncodings = 0;
			knownRegions = (
				en,
				Base,
			);
			mainGroup = 9B19E9C61BAC0D7E0025831D;
			productRefGroup = 9B19E9D01BAC0D7E0025831D /* Products */;
			projectDirPath = "";
			projectRoot = "";
			targets = (
				9B19E9CE1BAC0D7E0025831D /* Twitter */,
				9B19E9E71BAC0D7E0025831D /* TwitterTests */,
			);
		};
/* End PBXProject section */

/* Begin PBXResourcesBuildPhase section */
		9B19E9CD1BAC0D7E0025831D /* Resources */ = {
			isa = PBXResourcesBuildPhase;
			buildActionMask = 2147483647;
			files = (
				9B19EA1A1BAD99250025831D /* TweetTableViewController.xib in Resources */,
				9B19EA211BB3AD8C0025831D /* TweetCell.xib in Resources */,
				9B19EA261BB40BFD0025831D /* TweetViewController.xib in Resources */,
				9B6154A61BCCED9500B77319 /* MenuViewController.xib in Resources */,
				9B19EA081BAD8BFA0025831D /* LoginViewController.xib in Resources */,
				9B19EA2B1BB425510025831D /* ComposeViewController.xib in Resources */,
				9B19E9E31BAC0D7E0025831D /* LaunchScreen.xib in Resources */,
				9B19E9E01BAC0D7E0025831D /* Images.xcassets in Resources */,
			);
			runOnlyForDeploymentPostprocessing = 0;
		};
		9B19E9E61BAC0D7E0025831D /* Resources */ = {
			isa = PBXResourcesBuildPhase;
			buildActionMask = 2147483647;
			files = (
			);
			runOnlyForDeploymentPostprocessing = 0;
		};
/* End PBXResourcesBuildPhase section */

/* Begin PBXSourcesBuildPhase section */
		9B19E9CB1BAC0D7E0025831D /* Sources */ = {
			isa = PBXSourcesBuildPhase;
			buildActionMask = 2147483647;
			files = (
				9B19EA201BB3AD8C0025831D /* TweetCell.m in Sources */,
				9B19EA191BAD99250025831D /* TweetTableViewController.m in Sources */,
				9B19E9FA1BAC57460025831D /* Base64Transcoder.c in Sources */,
				9B19EA071BAD8BFA0025831D /* LoginViewController.m in Sources */,
				9B19EA251BB40BFD0025831D /* TweetViewController.m in Sources */,
				9B19EA0F1BAD96790025831D /* User.m in Sources */,
				9B19EA1C1BADAEE20025831D /* TwitterClient.m in Sources */,
				9B6154A51BCCED9500B77319 /* MenuViewController.m in Sources */,
				9B19EA121BAD968B0025831D /* Tweet.m in Sources */,
				9B19EA2A1BB425510025831D /* ComposeViewController.m in Sources */,
				9B19E9D81BAC0D7E0025831D /* AppDelegate.m in Sources */,
				9B19E9D51BAC0D7E0025831D /* main.m in Sources */,
			);
			runOnlyForDeploymentPostprocessing = 0;
		};
		9B19E9E41BAC0D7E0025831D /* Sources */ = {
			isa = PBXSourcesBuildPhase;
			buildActionMask = 2147483647;
			files = (
				9B19E9EF1BAC0D7E0025831D /* TwitterTests.m in Sources */,
			);
			runOnlyForDeploymentPostprocessing = 0;
		};
/* End PBXSourcesBuildPhase section */

/* Begin PBXTargetDependency section */
		9B19E9EA1BAC0D7E0025831D /* PBXTargetDependency */ = {
			isa = PBXTargetDependency;
			target = 9B19E9CE1BAC0D7E0025831D /* Twitter */;
			targetProxy = 9B19E9E91BAC0D7E0025831D /* PBXContainerItemProxy */;
		};
/* End PBXTargetDependency section */

/* Begin PBXVariantGroup section */
		9B19E9E11BAC0D7E0025831D /* LaunchScreen.xib */ = {
			isa = PBXVariantGroup;
			children = (
				9B19E9E21BAC0D7E0025831D /* Base */,
			);
			name = LaunchScreen.xib;
			sourceTree = "<group>";
		};
/* End PBXVariantGroup section */

/* Begin XCBuildConfiguration section */
		9B19E9F01BAC0D7E0025831D /* Debug */ = {
			isa = XCBuildConfiguration;
			buildSettings = {
				ALWAYS_SEARCH_USER_PATHS = NO;
				CLANG_CXX_LANGUAGE_STANDARD = "gnu++0x";
				CLANG_CXX_LIBRARY = "libc++";
				CLANG_ENABLE_MODULES = YES;
				CLANG_ENABLE_OBJC_ARC = YES;
				CLANG_WARN_BOOL_CONVERSION = YES;
				CLANG_WARN_CONSTANT_CONVERSION = YES;
				CLANG_WARN_DIRECT_OBJC_ISA_USAGE = YES_ERROR;
				CLANG_WARN_EMPTY_BODY = YES;
				CLANG_WARN_ENUM_CONVERSION = YES;
				CLANG_WARN_INT_CONVERSION = YES;
				CLANG_WARN_OBJC_ROOT_CLASS = YES_ERROR;
				CLANG_WARN_UNREACHABLE_CODE = YES;
				CLANG_WARN__DUPLICATE_METHOD_MATCH = YES;
				"CODE_SIGN_IDENTITY[sdk=iphoneos*]" = "iPhone Developer";
				COPY_PHASE_STRIP = NO;
				DEBUG_INFORMATION_FORMAT = "dwarf-with-dsym";
				ENABLE_STRICT_OBJC_MSGSEND = YES;
				GCC_C_LANGUAGE_STANDARD = gnu99;
				GCC_DYNAMIC_NO_PIC = NO;
				GCC_NO_COMMON_BLOCKS = YES;
				GCC_OPTIMIZATION_LEVEL = 0;
				GCC_PREPROCESSOR_DEFINITIONS = (
					"DEBUG=1",
					"$(inherited)",
				);
				GCC_SYMBOLS_PRIVATE_EXTERN = NO;
				GCC_WARN_64_TO_32_BIT_CONVERSION = YES;
				GCC_WARN_ABOUT_RETURN_TYPE = YES_ERROR;
				GCC_WARN_UNDECLARED_SELECTOR = YES;
				GCC_WARN_UNINITIALIZED_AUTOS = YES_AGGRESSIVE;
				GCC_WARN_UNUSED_FUNCTION = YES;
				GCC_WARN_UNUSED_VARIABLE = YES;
				IPHONEOS_DEPLOYMENT_TARGET = 8.3;
				MTL_ENABLE_DEBUG_INFO = YES;
				ONLY_ACTIVE_ARCH = YES;
				SDKROOT = iphoneos;
			};
			name = Debug;
		};
		9B19E9F11BAC0D7E0025831D /* Release */ = {
			isa = XCBuildConfiguration;
			buildSettings = {
				ALWAYS_SEARCH_USER_PATHS = NO;
				CLANG_CXX_LANGUAGE_STANDARD = "gnu++0x";
				CLANG_CXX_LIBRARY = "libc++";
				CLANG_ENABLE_MODULES = YES;
				CLANG_ENABLE_OBJC_ARC = YES;
				CLANG_WARN_BOOL_CONVERSION = YES;
				CLANG_WARN_CONSTANT_CONVERSION = YES;
				CLANG_WARN_DIRECT_OBJC_ISA_USAGE = YES_ERROR;
				CLANG_WARN_EMPTY_BODY = YES;
				CLANG_WARN_ENUM_CONVERSION = YES;
				CLANG_WARN_INT_CONVERSION = YES;
				CLANG_WARN_OBJC_ROOT_CLASS = YES_ERROR;
				CLANG_WARN_UNREACHABLE_CODE = YES;
				CLANG_WARN__DUPLICATE_METHOD_MATCH = YES;
				"CODE_SIGN_IDENTITY[sdk=iphoneos*]" = "iPhone Developer";
				COPY_PHASE_STRIP = NO;
				DEBUG_INFORMATION_FORMAT = "dwarf-with-dsym";
				ENABLE_NS_ASSERTIONS = NO;
				ENABLE_STRICT_OBJC_MSGSEND = YES;
				GCC_C_LANGUAGE_STANDARD = gnu99;
				GCC_NO_COMMON_BLOCKS = YES;
				GCC_WARN_64_TO_32_BIT_CONVERSION = YES;
				GCC_WARN_ABOUT_RETURN_TYPE = YES_ERROR;
				GCC_WARN_UNDECLARED_SELECTOR = YES;
				GCC_WARN_UNINITIALIZED_AUTOS = YES_AGGRESSIVE;
				GCC_WARN_UNUSED_FUNCTION = YES;
				GCC_WARN_UNUSED_VARIABLE = YES;
				IPHONEOS_DEPLOYMENT_TARGET = 8.3;
				MTL_ENABLE_DEBUG_INFO = NO;
				SDKROOT = iphoneos;
				VALIDATE_PRODUCT = YES;
			};
			name = Release;
		};
		9B19E9F31BAC0D7E0025831D /* Debug */ = {
			isa = XCBuildConfiguration;
			buildSettings = {
				ASSETCATALOG_COMPILER_APPICON_NAME = AppIcon;
				INFOPLIST_FILE = Twitter/Info.plist;
				IPHONEOS_DEPLOYMENT_TARGET = 8.0;
				LD_RUNPATH_SEARCH_PATHS = "$(inherited) @executable_path/Frameworks";
				PRODUCT_NAME = "$(TARGET_NAME)";
			};
			name = Debug;
		};
		9B19E9F41BAC0D7E0025831D /* Release */ = {
			isa = XCBuildConfiguration;
			buildSettings = {
				ASSETCATALOG_COMPILER_APPICON_NAME = AppIcon;
				INFOPLIST_FILE = Twitter/Info.plist;
				IPHONEOS_DEPLOYMENT_TARGET = 8.0;
				LD_RUNPATH_SEARCH_PATHS = "$(inherited) @executable_path/Frameworks";
				PRODUCT_NAME = "$(TARGET_NAME)";
			};
			name = Release;
		};
		9B19E9F61BAC0D7E0025831D /* Debug */ = {
			isa = XCBuildConfiguration;
			buildSettings = {
				BUNDLE_LOADER = "$(TEST_HOST)";
				FRAMEWORK_SEARCH_PATHS = (
					"$(SDKROOT)/Developer/Library/Frameworks",
					"$(inherited)",
				);
				GCC_PREPROCESSOR_DEFINITIONS = (
					"DEBUG=1",
					"$(inherited)",
				);
				INFOPLIST_FILE = TwitterTests/Info.plist;
				LD_RUNPATH_SEARCH_PATHS = "$(inherited) @executable_path/Frameworks @loader_path/Frameworks";
				PRODUCT_NAME = "$(TARGET_NAME)";
				TEST_HOST = "$(BUILT_PRODUCTS_DIR)/Twitter.app/Twitter";
			};
			name = Debug;
		};
		9B19E9F71BAC0D7E0025831D /* Release */ = {
			isa = XCBuildConfiguration;
			buildSettings = {
				BUNDLE_LOADER = "$(TEST_HOST)";
				FRAMEWORK_SEARCH_PATHS = (
					"$(SDKROOT)/Developer/Library/Frameworks",
					"$(inherited)",
				);
				INFOPLIST_FILE = TwitterTests/Info.plist;
				LD_RUNPATH_SEARCH_PATHS = "$(inherited) @executable_path/Frameworks @loader_path/Frameworks";
				PRODUCT_NAME = "$(TARGET_NAME)";
				TEST_HOST = "$(BUILT_PRODUCTS_DIR)/Twitter.app/Twitter";
			};
			name = Release;
		};
/* End XCBuildConfiguration section */

/* Begin XCConfigurationList section */
		9B19E9CA1BAC0D7E0025831D /* Build configuration list for PBXProject "Twitter" */ = {
			isa = XCConfigurationList;
			buildConfigurations = (
				9B19E9F01BAC0D7E0025831D /* Debug */,
				9B19E9F11BAC0D7E0025831D /* Release */,
			);
			defaultConfigurationIsVisible = 0;
			defaultConfigurationName = Release;
		};
		9B19E9F21BAC0D7E0025831D /* Build configuration list for PBXNativeTarget "Twitter" */ = {
			isa = XCConfigurationList;
			buildConfigurations = (
				9B19E9F31BAC0D7E0025831D /* Debug */,
				9B19E9F41BAC0D7E0025831D /* Release */,
			);
			defaultConfigurationIsVisible = 0;
			defaultConfigurationName = Release;
		};
		9B19E9F51BAC0D7E0025831D /* Build configuration list for PBXNativeTarget "TwitterTests" */ = {
			isa = XCConfigurationList;
			buildConfigurations = (
				9B19E9F61BAC0D7E0025831D /* Debug */,
				9B19E9F71BAC0D7E0025831D /* Release */,
			);
			defaultConfigurationIsVisible = 0;
			defaultConfigurationName = Release;
		};
/* End XCConfigurationList section */
	};
	rootObject = 9B19E9C71BAC0D7E0025831D /* Project object */;
}
